
Microsoft Visual Studio Solution File, Format Version 11.00
# Visual Studio 2010
Project("{FAE04EC0-301F-11D3-BF4B-00C04F79EFBC}") = "Assembly-CSharp", "Assembly-CSharp.csproj", "{18aa0f6e-7282-a154-02ff-94b5dcfe38e4}"
EndProject
Project("{FAE04EC0-301F-11D3-BF4B-00C04F79EFBC}") = "Assembly-CSharp-Editor", "Assembly-CSharp-Editor.csproj", "{18987f02-3132-06b2-7ae1-7436d65c1029}"
EndProject
Global
	GlobalSection(SolutionConfigurationPlatforms) = preSolution
		Debug|Any CPU = Debug|Any CPU
	EndGlobalSection
	GlobalSection(ProjectConfigurationPlatforms) = postSolution
		{18aa0f6e-7282-a154-02ff-94b5dcfe38e4}.Debug|Any CPU.ActiveCfg = Debug|Any CPU
		{18aa0f6e-7282-a154-02ff-94b5dcfe38e4}.Debug|Any CPU.Build.0 = Debug|Any CPU
		{18987f02-3132-06b2-7ae1-7436d65c1029}.Debug|Any CPU.ActiveCfg = Debug|Any CPU
		{18987f02-3132-06b2-7ae1-7436d65c1029}.Debug|Any CPU.Build.0 = Debug|Any CPU
	EndGlobalSection
	GlobalSection(SolutionProperties) = preSolution
		HideSolutionNode = FALSE
	EndGlobalSection
EndGlobal
